
Microsoft Visual Studio Solution File, Format Version 12.00
# Visual Studio Version 16
VisualStudioVersion = 16.0.29025.244
MinimumVisualStudioVersion = 10.0.40219.1
Project("{FAE04EC0-301F-11D3-BF4B-00C04F79EFBC}") = "Cinema", "Cinema\Cinema.csproj", "{18DA1B9F-5B0F-4B24-8431-640E8E25368F}"
EndProject
Project("{FAE04EC0-301F-11D3-BF4B-00C04F79EFBC}") = "DesignPatternTest", "DesignPatternTest\DesignPatternTest.csproj", "{AD3F8381-A0AB-4BA1-ABE1-E7DE0EF5A343}"
EndProject
Global
	GlobalSection(SolutionConfigurationPlatforms) = preSolution
		Debug|Any CPU = Debug|Any CPU
		Release|Any CPU = Release|Any CPU
	EndGlobalSection
	GlobalSection(ProjectConfigurationPlatforms) = postSolution
		{18DA1B9F-5B0F-4B24-8431-640E8E25368F}.Debug|Any CPU.ActiveCfg = Debug|Any CPU
		{18DA1B9F-5B0F-4B24-8431-640E8E25368F}.Debug|Any CPU.Build.0 = Debug|Any CPU
		{18DA1B9F-5B0F-4B24-8431-640E8E25368F}.Release|Any CPU.ActiveCfg = Release|Any CPU
		{18DA1B9F-5B0F-4B24-8431-640E8E25368F}.Release|Any CPU.Build.0 = Release|Any CPU
		{AD3F8381-A0AB-4BA1-ABE1-E7DE0EF5A343}.Debug|Any CPU.ActiveCfg = Debug|Any CPU
		{AD3F8381-A0AB-4BA1-ABE1-E7DE0EF5A343}.Debug|Any CPU.Build.0 = Debug|Any CPU
		{AD3F8381-A0AB-4BA1-ABE1-E7DE0EF5A343}.Release|Any CPU.ActiveCfg = Release|Any CPU
		{AD3F8381-A0AB-4BA1-ABE1-E7DE0EF5A343}.Release|Any CPU.Build.0 = Release|Any CPU
	EndGlobalSection
	GlobalSection(SolutionProperties) = preSolution
		HideSolutionNode = FALSE
	EndGlobalSection
	GlobalSection(ExtensibilityGlobals) = postSolution
		SolutionGuid = {C2991EB8-50A4-482E-AB09-9344EF9901FF}
	EndGlobalSection
EndGlobal
